
Microsoft Visual Studio Solution File, Format Version 12.00
# Visual Studio Version 17
VisualStudioVersion = 17.3.32819.101
MinimumVisualStudioVersion = 10.0.40219.1
Project("{888888A0-9F3D-457C-B088-3A5042F75D52}") = "t2", "t2\t2.pyproj", "{482A4171-DE18-4F6F-8563-B85C5A91EB77}"
EndProject
Global
	GlobalSection(SolutionConfigurationPlatforms) = preSolution
		Debug|Any CPU = Debug|Any CPU
		Release|Any CPU = Release|Any CPU
	EndGlobalSection
	GlobalSection(ProjectConfigurationPlatforms) = postSolution
		{482A4171-DE18-4F6F-8563-B85C5A91EB77}.Debug|Any CPU.ActiveCfg = Debug|Any CPU
		{482A4171-DE18-4F6F-8563-B85C5A91EB77}.Release|Any CPU.ActiveCfg = Release|Any CPU
	EndGlobalSection
	GlobalSection(SolutionProperties) = preSolution
		HideSolutionNode = FALSE
	EndGlobalSection
	GlobalSection(ExtensibilityGlobals) = postSolution
		SolutionGuid = {3E53B7AC-1DA7-4F01-8563-8FE769FA9BC9}
	EndGlobalSection
EndGlobal
